
Microsoft Visual Studio Solution File, Format Version 12.00
# Visual Studio Version 16
VisualStudioVersion = 16.0.31729.503
MinimumVisualStudioVersion = 10.0.40219.1
Project("{FAE04EC0-301F-11D3-BF4B-00C04F79EFBC}") = "Basic_Problem", "Basic_Problem.csproj", "{07134B4C-1FBA-497C-A8DD-53DD571FAE39}"
EndProject
Global
	GlobalSection(SolutionConfigurationPlatforms) = preSolution
		Debug|Any CPU = Debug|Any CPU
		Release|Any CPU = Release|Any CPU
	EndGlobalSection
	GlobalSection(ProjectConfigurationPlatforms) = postSolution
		{07134B4C-1FBA-497C-A8DD-53DD571FAE39}.Debug|Any CPU.ActiveCfg = Debug|Any CPU
		{07134B4C-1FBA-497C-A8DD-53DD571FAE39}.Debug|Any CPU.Build.0 = Debug|Any CPU
		{07134B4C-1FBA-497C-A8DD-53DD571FAE39}.Release|Any CPU.ActiveCfg = Release|Any CPU
		{07134B4C-1FBA-497C-A8DD-53DD571FAE39}.Release|Any CPU.Build.0 = Release|Any CPU
	EndGlobalSection
	GlobalSection(SolutionProperties) = preSolution
		HideSolutionNode = FALSE
	EndGlobalSection
	GlobalSection(ExtensibilityGlobals) = postSolution
		SolutionGuid = {ABA0F884-F414-4221-B817-D9DA8A0CF47E}
	EndGlobalSection
EndGlobal
